// !$*UTF8*$!
{
	archiveVersion = 1;
	classes = {
	};
	objectVersion = 77;
	objects = {

/* Begin PBXBuildFile section */
		694819E52E4C50670043137E /* Info.plist in Resources */ = {isa = PBXBuildFile; fileRef = 694819E42E4C50670043137E /* Info.plist */; };
		694819E62E4C50670043137E /* Info.plist in Resources */ = {isa = PBXBuildFile; fileRef = 694819E42E4C50670043137E /* Info.plist */; };
		694819E72E4C50670043137E /* Info.plist in Resources */ = {isa = PBXBuildFile; fileRef = 694819E42E4C50670043137E /* Info.plist */; };
		69481A0F2E4C51780043137E /* Python in CopyFiles */ = {isa = PBXBuildFile; fileRef = 69481A0E2E4C51780043137E /* Python */; settings = {ATTRIBUTES = (CodeSignOnCopy, ); }; };
/* End PBXBuildFile section */

/* Begin PBXContainerItemProxy section */
		69592CB32E4C4E40000FEBA4 /* PBXContainerItemProxy */ = {
			isa = PBXContainerItemProxy;
			containerPortal = 69592C9A2E4C4E3E000FEBA4 /* Project object */;
			proxyType = 1;
			remoteGlobalIDString = 69592CA12E4C4E3E000FEBA4;
			remoteInfo = RadiaMac;
		};
		69592CBD2E4C4E40000FEBA4 /* PBXContainerItemProxy */ = {
			isa = PBXContainerItemProxy;
			containerPortal = 69592C9A2E4C4E3E000FEBA4 /* Project object */;
			proxyType = 1;
			remoteGlobalIDString = 69592CA12E4C4E3E000FEBA4;
			remoteInfo = RadiaMac;
		};
/* End PBXContainerItemProxy section */

/* Begin PBXCopyFilesBuildPhase section */
		69481A0D2E4C51670043137E /* CopyFiles */ = {
			isa = PBXCopyFilesBuildPhase;
			buildActionMask = 2147483647;
			dstPath = "";
			dstSubfolderSpec = 7;
			files = (
				69481A0F2E4C51780043137E /* Python in CopyFiles */,
			);
			runOnlyForDeploymentPostprocessing = 0;
		};
/* End PBXCopyFilesBuildPhase section */

/* Begin PBXFileReference section */
		694819E42E4C50670043137E /* Info.plist */ = {isa = PBXFileReference; lastKnownFileType = text.plist.xml; path = Info.plist; sourceTree = SOURCE_ROOT; };
		69481A0E2E4C51780043137E /* Python */ = {isa = PBXFileReference; lastKnownFileType = folder; name = Python; path = RadiaMac/Python; sourceTree = "<group>"; };
		69592CA22E4C4E3E000FEBA4 /* RadiaMac.app */ = {isa = PBXFileReference; explicitFileType = wrapper.application; includeInIndex = 0; path = RadiaMac.app; sourceTree = BUILT_PRODUCTS_DIR; };
		69592CB22E4C4E40000FEBA4 /* RadiaMacTests.xctest */ = {isa = PBXFileReference; explicitFileType = wrapper.cfbundle; includeInIndex = 0; path = RadiaMacTests.xctest; sourceTree = BUILT_PRODUCTS_DIR; };
		69592CBC2E4C4E40000FEBA4 /* RadiaMacUITests.xctest */ = {isa = PBXFileReference; explicitFileType = wrapper.cfbundle; includeInIndex = 0; path = RadiaMacUITests.xctest; sourceTree = BUILT_PRODUCTS_DIR; };
/* End PBXFileReference section */

/* Begin PBXFileSystemSynchronizedRootGroup section */
		69592CA42E4C4E3E000FEBA4 /* RadiaMac */ = {
			isa = PBXFileSystemSynchronizedRootGroup;
			path = RadiaMac;
			sourceTree = "<group>";
		};
		69592CB52E4C4E40000FEBA4 /* RadiaMacTests */ = {
			isa = PBXFileSystemSynchronizedRootGroup;
			path = RadiaMacTests;
			sourceTree = "<group>";
		};
		69592CBF2E4C4E40000FEBA4 /* RadiaMacUITests */ = {
			isa = PBXFileSystemSynchronizedRootGroup;
			path = RadiaMacUITests;
			sourceTree = "<group>";
		};
/* End PBXFileSystemSynchronizedRootGroup section */

/* Begin PBXFrameworksBuildPhase section */
		69592C9F2E4C4E3E000FEBA4 /* Frameworks */ = {
			isa = PBXFrameworksBuildPhase;
			buildActionMask = 2147483647;
			files = (
			);
			runOnlyForDeploymentPostprocessing = 0;
		};
		69592CAF2E4C4E40000FEBA4 /* Frameworks */ = {
			isa = PBXFrameworksBuildPhase;
			buildActionMask = 2147483647;
			files = (
			);
			runOnlyForDeploymentPostprocessing = 0;
		};
		69592CB92E4C4E40000FEBA4 /* Frameworks */ = {
			isa = PBXFrameworksBuildPhase;
			buildActionMask = 2147483647;
			files = (
			);
			runOnlyForDeploymentPostprocessing = 0;
		};
/* End PBXFrameworksBuildPhase section */

/* Begin PBXGroup section */
		69592C992E4C4E3E000FEBA4 = {
			isa = PBXGroup;
			children = (
				69481A0E2E4C51780043137E /* Python */,
				694819E42E4C50670043137E /* Info.plist */,
				69592CA42E4C4E3E000FEBA4 /* RadiaMac */,
				69592CB52E4C4E40000FEBA4 /* RadiaMacTests */,
				69592CBF2E4C4E40000FEBA4 /* RadiaMacUITests */,
				69592CA32E4C4E3E000FEBA4 /* Products */,
			);
			sourceTree = "<group>";
		};
		69592CA32E4C4E3E000FEBA4 /* Products */ = {
			isa = PBXGroup;
			children = (
				69592CA22E4C4E3E000FEBA4 /* RadiaMac.app */,
				69592CB22E4C4E40000FEBA4 /* RadiaMacTests.xctest */,
				69592CBC2E4C4E40000FEBA4 /* RadiaMacUITests.xctest */,
			);
			name = Products;
			sourceTree = "<group>";
		};
/* End PBXGroup section */

/* Begin PBXNativeTarget section */
		69592CA12E4C4E3E000FEBA4 /* RadiaMac */ = {
			isa = PBXNativeTarget;
			buildConfigurationList = 69592CC62E4C4E40000FEBA4 /* Build configuration list for PBXNativeTarget "RadiaMac" */;
			buildPhases = (
				69592C9E2E4C4E3E000FEBA4 /* Sources */,
				69592C9F2E4C4E3E000FEBA4 /* Frameworks */,
				69592CA02E4C4E3E000FEBA4 /* Resources */,
				69481A0D2E4C51670043137E /* CopyFiles */,
			);
			buildRules = (
			);
			dependencies = (
			);
			fileSystemSynchronizedGroups = (
				69592CA42E4C4E3E000FEBA4 /* RadiaMac */,
			);
			name = RadiaMac;
			packageProductDependencies = (
			);
			productName = RadiaMac;
			productReference = 69592CA22E4C4E3E000FEBA4 /* RadiaMac.app */;
			productType = "com.apple.product-type.application";
		};
		69592CB12E4C4E40000FEBA4 /* RadiaMacTests */ = {
			isa = PBXNativeTarget;
			buildConfigurationList = 69592CC92E4C4E40000FEBA4 /* Build configuration list for PBXNativeTarget "RadiaMacTests" */;
			buildPhases = (
				69592CAE2E4C4E40000FEBA4 /* Sources */,
				69592CAF2E4C4E40000FEBA4 /* Frameworks */,
				69592CB02E4C4E40000FEBA4 /* Resources */,
			);
			buildRules = (
			);
			dependencies = (
				69592CB42E4C4E40000FEBA4 /* PBXTargetDependency */,
			);
			fileSystemSynchronizedGroups = (
				69592CB52E4C4E40000FEBA4 /* RadiaMacTests */,
			);
			name = RadiaMacTests;
			packageProductDependencies = (
			);
			productName = RadiaMacTests;
			productReference = 69592CB22E4C4E40000FEBA4 /* RadiaMacTests.xctest */;
			productType = "com.apple.product-type.bundle.unit-test";
		};
		69592CBB2E4C4E40000FEBA4 /* RadiaMacUITests */ = {
			isa = PBXNativeTarget;
			buildConfigurationList = 69592CCC2E4C4E40000FEBA4 /* Build configuration list for PBXNativeTarget "RadiaMacUITests" */;
			buildPhases = (
				69592CB82E4C4E40000FEBA4 /* Sources */,
				69592CB92E4C4E40000FEBA4 /* Frameworks */,
				69592CBA2E4C4E40000FEBA4 /* Resources */,
			);
			buildRules = (
			);
			dependencies = (
				69592CBE2E4C4E40000FEBA4 /* PBXTargetDependency */,
			);
			fileSystemSynchronizedGroups = (
				69592CBF2E4C4E40000FEBA4 /* RadiaMacUITests */,
			);
			name = RadiaMacUITests;
			packageProductDependencies = (
			);
			productName = RadiaMacUITests;
			productReference = 69592CBC2E4C4E40000FEBA4 /* RadiaMacUITests.xctest */;
			productType = "com.apple.product-type.bundle.ui-testing";
		};
/* End PBXNativeTarget section */

/* Begin PBXProject section */
		69592C9A2E4C4E3E000FEBA4 /* Project object */ = {
			isa = PBXProject;
			attributes = {
				BuildIndependentTargetsInParallel = 1;
				LastSwiftUpdateCheck = 1640;
				LastUpgradeCheck = 1640;
				TargetAttributes = {
					69592CA12E4C4E3E000FEBA4 = {
						CreatedOnToolsVersion = 16.4;
					};
					69592CB12E4C4E40000FEBA4 = {
						CreatedOnToolsVersion = 16.4;
						TestTargetID = 69592CA12E4C4E3E000FEBA4;
					};
					69592CBB2E4C4E40000FEBA4 = {
						CreatedOnToolsVersion = 16.4;
						TestTargetID = 69592CA12E4C4E3E000FEBA4;
					};
				};
			};
			buildConfigurationList = 69592C9D2E4C4E3E000FEBA4 /* Build configuration list for PBXProject "RadiaMac" */;
			developmentRegion = en;
			hasScannedForEncodings = 0;
			knownRegions = (
				en,
				Base,
			);
			mainGroup = 69592C992E4C4E3E000FEBA4;
			minimizedProjectReferenceProxies = 1;
			preferredProjectObjectVersion = 77;
			productRefGroup = 69592CA32E4C4E3E000FEBA4 /* Products */;
			projectDirPath = "";
			projectRoot = "";
			targets = (
				69592CA12E4C4E3E000FEBA4 /* RadiaMac */,
				69592CB12E4C4E40000FEBA4 /* RadiaMacTests */,
				69592CBB2E4C4E40000FEBA4 /* RadiaMacUITests */,
			);
		};
/* End PBXProject section */

/* Begin PBXResourcesBuildPhase section */
		69592CA02E4C4E3E000FEBA4 /* Resources */ = {
			isa = PBXResourcesBuildPhase;
			buildActionMask = 2147483647;
			files = (
				694819E52E4C50670043137E /* Info.plist in Resources */,
			);
			runOnlyForDeploymentPostprocessing = 0;
		};
		69592CB02E4C4E40000FEBA4 /* Resources */ = {
			isa = PBXResourcesBuildPhase;
			buildActionMask = 2147483647;
			files = (
				694819E62E4C50670043137E /* Info.plist in Resources */,
			);
			runOnlyForDeploymentPostprocessing = 0;
		};
		69592CBA2E4C4E40000FEBA4 /* Resources */ = {
			isa = PBXResourcesBuildPhase;
			buildActionMask = 2147483647;
			files = (
				694819E72E4C50670043137E /* Info.plist in Resources */,
			);
			runOnlyForDeploymentPostprocessing = 0;
		};
/* End PBXResourcesBuildPhase section */

/* Begin PBXSourcesBuildPhase section */
		69592C9E2E4C4E3E000FEBA4 /* Sources */ = {
			isa = PBXSourcesBuildPhase;
			buildActionMask = 2147483647;
			files = (
			);
			runOnlyForDeploymentPostprocessing = 0;
		};
		69592CAE2E4C4E40000FEBA4 /* Sources */ = {
			isa = PBXSourcesBuildPhase;
			buildActionMask = 2147483647;
			files = (
			);
			runOnlyForDeploymentPostprocessing = 0;
		};
		69592CB82E4C4E40000FEBA4 /* Sources */ = {
			isa = PBXSourcesBuildPhase;
			buildActionMask = 2147483647;
			files = (
			);
			runOnlyForDeploymentPostprocessing = 0;
		};
/* End PBXSourcesBuildPhase section */

/* Begin PBXTargetDependency section */
		69592CB42E4C4E40000FEBA4 /* PBXTargetDependency */ = {
			isa = PBXTargetDependency;
			target = 69592CA12E4C4E3E000FEBA4 /* RadiaMac */;
			targetProxy = 69592CB32E4C4E40000FEBA4 /* PBXContainerItemProxy */;
		};
		69592CBE2E4C4E40000FEBA4 /* PBXTargetDependency */ = {
			isa = PBXTargetDependency;
			target = 69592CA12E4C4E3E000FEBA4 /* RadiaMac */;
			targetProxy = 69592CBD2E4C4E40000FEBA4 /* PBXContainerItemProxy */;
		};
/* End PBXTargetDependency section */

/* Begin XCBuildConfiguration section */
		69592CC42E4C4E40000FEBA4 /* Debug */ = {
			isa = XCBuildConfiguration;
			buildSettings = {
				ALWAYS_SEARCH_USER_PATHS = NO;
				ASSETCATALOG_COMPILER_GENERATE_SWIFT_ASSET_SYMBOL_EXTENSIONS = YES;
				CLANG_ANALYZER_NONNULL = YES;
				CLANG_ANALYZER_NUMBER_OBJECT_CONVERSION = YES_AGGRESSIVE;
				CLANG_CXX_LANGUAGE_STANDARD = "gnu++20";
				CLANG_ENABLE_MODULES = YES;
				CLANG_ENABLE_OBJC_ARC = YES;
				CLANG_ENABLE_OBJC_WEAK = YES;
				CLANG_WARN_BLOCK_CAPTURE_AUTORELEASING = YES;
				CLANG_WARN_BOOL_CONVERSION = YES;
				CLANG_WARN_COMMA = YES;
				CLANG_WARN_CONSTANT_CONVERSION = YES;
				CLANG_WARN_DEPRECATED_OBJC_IMPLEMENTATIONS = YES;
				CLANG_WARN_DIRECT_OBJC_ISA_USAGE = YES_ERROR;
				CLANG_WARN_DOCUMENTATION_COMMENTS = YES;
				CLANG_WARN_EMPTY_BODY = YES;
				CLANG_WARN_ENUM_CONVERSION = YES;
				CLANG_WARN_INFINITE_RECURSION = YES;
				CLANG_WARN_INT_CONVERSION = YES;
				CLANG_WARN_NON_LITERAL_NULL_CONVERSION = YES;
				CLANG_WARN_OBJC_IMPLICIT_RETAIN_SELF = YES;
				CLANG_WARN_OBJC_LITERAL_CONVERSION = YES;
				CLANG_WARN_OBJC_ROOT_CLASS = YES_ERROR;
				CLANG_WARN_QUOTED_INCLUDE_IN_FRAMEWORK_HEADER = YES;
				CLANG_WARN_RANGE_LOOP_ANALYSIS = YES;
				CLANG_WARN_STRICT_PROTOTYPES = YES;
				CLANG_WARN_SUSPICIOUS_MOVE = YES;
				CLANG_WARN_UNGUARDED_AVAILABILITY = YES_AGGRESSIVE;
				CLANG_WARN_UNREACHABLE_CODE = YES;
				CLANG_WARN__DUPLICATE_METHOD_MATCH = YES;
				COPY_PHASE_STRIP = NO;
				DEBUG_INFORMATION_FORMAT = dwarf;
				DEVELOPMENT_TEAM = MV8MW4W82T;
				ENABLE_HARDENED_RUNTIME = YES;
				ENABLE_INCOMING_NETWORK_CONNECTIONS = YES;
				ENABLE_OUTGOING_NETWORK_CONNECTIONS = YES;
				ENABLE_RESOURCE_ACCESS_USB = NO;
				ENABLE_STRICT_OBJC_MSGSEND = YES;
				ENABLE_TESTABILITY = YES;
				ENABLE_USER_SCRIPT_SANDBOXING = YES;
				GCC_C_LANGUAGE_STANDARD = gnu17;
				GCC_DYNAMIC_NO_PIC = NO;
				GCC_NO_COMMON_BLOCKS = YES;
				GCC_OPTIMIZATION_LEVEL = 0;
				GCC_PREPROCESSOR_DEFINITIONS = (
					"DEBUG=1",
					"$(inherited)",
				);
				GCC_WARN_64_TO_32_BIT_CONVERSION = YES;
				GCC_WARN_ABOUT_RETURN_TYPE = YES_ERROR;
				GCC_WARN_UNDECLARED_SELECTOR = YES;
				GCC_WARN_UNINITIALIZED_AUTOS = YES_AGGRESSIVE;
				GCC_WARN_UNUSED_FUNCTION = YES;
				GCC_WARN_UNUSED_VARIABLE = YES;
				LOCALIZATION_PREFERS_STRING_CATALOGS = YES;
				MACOSX_DEPLOYMENT_TARGET = 15.5;
				MTL_ENABLE_DEBUG_INFO = INCLUDE_SOURCE;
				MTL_FAST_MATH = YES;
				ONLY_ACTIVE_ARCH = YES;
				PRODUCT_DEFINITION_PLIST = "";
				SDKROOT = macosx;
				SWIFT_ACTIVE_COMPILATION_CONDITIONS = "DEBUG $(inherited)";
				SWIFT_OPTIMIZATION_LEVEL = "-Onone";
			};
			name = Debug;
		};
		69592CC52E4C4E40000FEBA4 /* Release */ = {
			isa = XCBuildConfiguration;
			buildSettings = {
				ALWAYS_SEARCH_USER_PATHS = NO;
				ASSETCATALOG_COMPILER_GENERATE_SWIFT_ASSET_SYMBOL_EXTENSIONS = YES;
				CLANG_ANALYZER_NONNULL = YES;
				CLANG_ANALYZER_NUMBER_OBJECT_CONVERSION = YES_AGGRESSIVE;
				CLANG_CXX_LANGUAGE_STANDARD = "gnu++20";
				CLANG_ENABLE_MODULES = YES;
				CLANG_ENABLE_OBJC_ARC = YES;
				CLANG_ENABLE_OBJC_WEAK = YES;
				CLANG_WARN_BLOCK_CAPTURE_AUTORELEASING = YES;
				CLANG_WARN_BOOL_CONVERSION = YES;
				CLANG_WARN_COMMA = YES;
				CLANG_WARN_CONSTANT_CONVERSION = YES;
				CLANG_WARN_DEPRECATED_OBJC_IMPLEMENTATIONS = YES;
				CLANG_WARN_DIRECT_OBJC_ISA_USAGE = YES_ERROR;
				CLANG_WARN_DOCUMENTATION_COMMENTS = YES;
				CLANG_WARN_EMPTY_BODY = YES;
				CLANG_WARN_ENUM_CONVERSION = YES;
				CLANG_WARN_INFINITE_RECURSION = YES;
				CLANG_WARN_INT_CONVERSION = YES;
				CLANG_WARN_NON_LITERAL_NULL_CONVERSION = YES;
				CLANG_WARN_OBJC_IMPLICIT_RETAIN_SELF = YES;
				CLANG_WARN_OBJC_LITERAL_CONVERSION = YES;
				CLANG_WARN_OBJC_ROOT_CLASS = YES_ERROR;
				CLANG_WARN_QUOTED_INCLUDE_IN_FRAMEWORK_HEADER = YES;
				CLANG_WARN_RANGE_LOOP_ANALYSIS = YES;
				CLANG_WARN_STRICT_PROTOTYPES = YES;
				CLANG_WARN_SUSPICIOUS_MOVE = YES;
				CLANG_WARN_UNGUARDED_AVAILABILITY = YES_AGGRESSIVE;
				CLANG_WARN_UNREACHABLE_CODE = YES;
				CLANG_WARN__DUPLICATE_METHOD_MATCH = YES;
				COPY_PHASE_STRIP = NO;
				DEBUG_INFORMATION_FORMAT = "dwarf-with-dsym";
				DEVELOPMENT_TEAM = MV8MW4W82T;
				ENABLE_HARDENED_RUNTIME = YES;
				ENABLE_INCOMING_NETWORK_CONNECTIONS = YES;
				ENABLE_NS_ASSERTIONS = NO;
				ENABLE_OUTGOING_NETWORK_CONNECTIONS = YES;
				ENABLE_RESOURCE_ACCESS_USB = NO;
				ENABLE_STRICT_OBJC_MSGSEND = YES;
				ENABLE_USER_SCRIPT_SANDBOXING = YES;
				GCC_C_LANGUAGE_STANDARD = gnu17;
				GCC_NO_COMMON_BLOCKS = YES;
				GCC_WARN_64_TO_32_BIT_CONVERSION = YES;
				GCC_WARN_ABOUT_RETURN_TYPE = YES_ERROR;
				GCC_WARN_UNDECLARED_SELECTOR = YES;
				GCC_WARN_UNINITIALIZED_AUTOS = YES_AGGRESSIVE;
				GCC_WARN_UNUSED_FUNCTION = YES;
				GCC_WARN_UNUSED_VARIABLE = YES;
				LOCALIZATION_PREFERS_STRING_CATALOGS = YES;
				MACOSX_DEPLOYMENT_TARGET = 15.5;
				MTL_ENABLE_DEBUG_INFO = NO;
				MTL_FAST_MATH = YES;
				PRODUCT_DEFINITION_PLIST = "";
				SDKROOT = macosx;
				SWIFT_COMPILATION_MODE = wholemodule;
			};
			name = Release;
		};
		69592CC72E4C4E40000FEBA4 /* Debug */ = {
			isa = XCBuildConfiguration;
			buildSettings = {
				ASSETCATALOG_COMPILER_APPICON_NAME = AppIcon;
				ASSETCATALOG_COMPILER_GLOBAL_ACCENT_COLOR_NAME = AccentColor;
				CODE_SIGN_ENTITLEMENTS = RadiaMac/RadiaMac.entitlements;
				CODE_SIGN_IDENTITY = "Apple Development";
				"CODE_SIGN_IDENTITY[sdk=macosx*]" = "Apple Development";
				CODE_SIGN_STYLE = Automatic;
				COMBINE_HIDPI_IMAGES = YES;
				CURRENT_PROJECT_VERSION = 1;
				DEVELOPMENT_TEAM = MV8MW4W82T;
				ENABLE_APP_SANDBOX = NO;
				ENABLE_HARDENED_RUNTIME = YES;
				ENABLE_INCOMING_NETWORK_CONNECTIONS = NO;
				ENABLE_OUTGOING_NETWORK_CONNECTIONS = NO;
				ENABLE_PREVIEWS = YES;
				ENABLE_RESOURCE_ACCESS_USB = YES;
				ENABLE_USER_SCRIPT_SANDBOXING = NO;
				ENABLE_USER_SELECTED_FILES = "";
				GENERATE_INFOPLIST_FILE = NO;
				INFOPLIST_FILE = Info.plist;
				INFOPLIST_KEY_NSHumanReadableCopyright = "";
				LD_RUNPATH_SEARCH_PATHS = (
					"$(inherited)",
					"@executable_path/../Frameworks",
				);
				MACOSX_DEPLOYMENT_TARGET = 14.0;
				MARKETING_VERSION = 1.0;
				PRODUCT_BUNDLE_IDENTIFIER = none.RadiaMac;
				PRODUCT_DEFINITION_PLIST = "";
				PRODUCT_NAME = "$(TARGET_NAME)";
				PROVISIONING_PROFILE_SPECIFIER = "";
				REGISTER_APP_GROUPS = YES;
				SWIFT_EMIT_LOC_STRINGS = YES;
				SWIFT_VERSION = 5.0;
			};
			name = Debug;
		};
		69592CC82E4C4E40000FEBA4 /* Release */ = {
			isa = XCBuildConfiguration;
			buildSettings = {
				ASSETCATALOG_COMPILER_APPICON_NAME = AppIcon;
				ASSETCATALOG_COMPILER_GLOBAL_ACCENT_COLOR_NAME = AccentColor;
				CODE_SIGN_ENTITLEMENTS = RadiaMac/RadiaMac.entitlements;
				CODE_SIGN_IDENTITY = "Apple Development";
				"CODE_SIGN_IDENTITY[sdk=macosx*]" = "Apple Development";
				CODE_SIGN_STYLE = Automatic;
				COMBINE_HIDPI_IMAGES = YES;
				CURRENT_PROJECT_VERSION = 1;
				DEVELOPMENT_TEAM = MV8MW4W82T;
				ENABLE_APP_SANDBOX = NO;
				ENABLE_HARDENED_RUNTIME = YES;
				ENABLE_INCOMING_NETWORK_CONNECTIONS = NO;
				ENABLE_OUTGOING_NETWORK_CONNECTIONS = NO;
				ENABLE_PREVIEWS = YES;
				ENABLE_RESOURCE_ACCESS_USB = YES;
				ENABLE_USER_SCRIPT_SANDBOXING = NO;
				ENABLE_USER_SELECTED_FILES = "";
				GENERATE_INFOPLIST_FILE = NO;
				INFOPLIST_FILE = Info.plist;
				INFOPLIST_KEY_NSHumanReadableCopyright = "";
				LD_RUNPATH_SEARCH_PATHS = (
					"$(inherited)",
					"@executable_path/../Frameworks",
				);
				MACOSX_DEPLOYMENT_TARGET = 14.0;
				MARKETING_VERSION = 1.0;
				PRODUCT_BUNDLE_IDENTIFIER = none.RadiaMac;
				PRODUCT_DEFINITION_PLIST = "";
				PRODUCT_NAME = "$(TARGET_NAME)";
				PROVISIONING_PROFILE_SPECIFIER = "";
				REGISTER_APP_GROUPS = YES;
				SWIFT_EMIT_LOC_STRINGS = YES;
				SWIFT_VERSION = 5.0;
			};
			name = Release;
		};
		69592CCA2E4C4E40000FEBA4 /* Debug */ = {
			isa = XCBuildConfiguration;
			buildSettings = {
				BUNDLE_LOADER = "$(TEST_HOST)";
				CODE_SIGN_STYLE = Automatic;
				CURRENT_PROJECT_VERSION = 1;
				DEVELOPMENT_TEAM = MV8MW4W82T;
				GENERATE_INFOPLIST_FILE = YES;
				MACOSX_DEPLOYMENT_TARGET = 14.0;
				MARKETING_VERSION = 1.0;
				PRODUCT_BUNDLE_IDENTIFIER = none.RadiaMacTests;
				PRODUCT_NAME = "$(TARGET_NAME)";
				SWIFT_EMIT_LOC_STRINGS = NO;
				SWIFT_VERSION = 5.0;
				TEST_HOST = "$(BUILT_PRODUCTS_DIR)/RadiaMac.app/$(BUNDLE_EXECUTABLE_FOLDER_PATH)/RadiaMac";
			};
			name = Debug;
		};
		69592CCB2E4C4E40000FEBA4 /* Release */ = {
			isa = XCBuildConfiguration;
			buildSettings = {
				BUNDLE_LOADER = "$(TEST_HOST)";
				CODE_SIGN_STYLE = Automatic;
				CURRENT_PROJECT_VERSION = 1;
				DEVELOPMENT_TEAM = MV8MW4W82T;
				GENERATE_INFOPLIST_FILE = YES;
				MACOSX_DEPLOYMENT_TARGET = 14.0;
				MARKETING_VERSION = 1.0;
				PRODUCT_BUNDLE_IDENTIFIER = none.RadiaMacTests;
				PRODUCT_NAME = "$(TARGET_NAME)";
				SWIFT_EMIT_LOC_STRINGS = NO;
				SWIFT_VERSION = 5.0;
				TEST_HOST = "$(BUILT_PRODUCTS_DIR)/RadiaMac.app/$(BUNDLE_EXECUTABLE_FOLDER_PATH)/RadiaMac";
			};
			name = Release;
		};
		69592CCD2E4C4E40000FEBA4 /* Debug */ = {
			isa = XCBuildConfiguration;
			buildSettings = {
				CODE_SIGN_STYLE = Automatic;
				CURRENT_PROJECT_VERSION = 1;
				DEVELOPMENT_TEAM = MV8MW4W82T;
				GENERATE_INFOPLIST_FILE = YES;
				MARKETING_VERSION = 1.0;
				PRODUCT_BUNDLE_IDENTIFIER = none.RadiaMacUITests;
				PRODUCT_NAME = "$(TARGET_NAME)";
				SWIFT_EMIT_LOC_STRINGS = NO;
				SWIFT_VERSION = 5.0;
				TEST_TARGET_NAME = RadiaMac;
			};
			name = Debug;
		};
		69592CCE2E4C4E40000FEBA4 /* Release */ = {
			isa = XCBuildConfiguration;
			buildSettings = {
				CODE_SIGN_STYLE = Automatic;
				CURRENT_PROJECT_VERSION = 1;
				DEVELOPMENT_TEAM = MV8MW4W82T;
				GENERATE_INFOPLIST_FILE = YES;
				MARKETING_VERSION = 1.0;
				PRODUCT_BUNDLE_IDENTIFIER = none.RadiaMacUITests;
				PRODUCT_NAME = "$(TARGET_NAME)";
				SWIFT_EMIT_LOC_STRINGS = NO;
				SWIFT_VERSION = 5.0;
				TEST_TARGET_NAME = RadiaMac;
			};
			name = Release;
		};
/* End XCBuildConfiguration section */

/* Begin XCConfigurationList section */
		69592C9D2E4C4E3E000FEBA4 /* Build configuration list for PBXProject "RadiaMac" */ = {
			isa = XCConfigurationList;
			buildConfigurations = (
				69592CC42E4C4E40000FEBA4 /* Debug */,
				69592CC52E4C4E40000FEBA4 /* Release */,
			);
			defaultConfigurationIsVisible = 0;
			defaultConfigurationName = Release;
		};
		69592CC62E4C4E40000FEBA4 /* Build configuration list for PBXNativeTarget "RadiaMac" */ = {
			isa = XCConfigurationList;
			buildConfigurations = (
				69592CC72E4C4E40000FEBA4 /* Debug */,
				69592CC82E4C4E40000FEBA4 /* Release */,
			);
			defaultConfigurationIsVisible = 0;
			defaultConfigurationName = Release;
		};
		69592CC92E4C4E40000FEBA4 /* Build configuration list for PBXNativeTarget "RadiaMacTests" */ = {
			isa = XCConfigurationList;
			buildConfigurations = (
				69592CCA2E4C4E40000FEBA4 /* Debug */,
				69592CCB2E4C4E40000FEBA4 /* Release */,
			);
			defaultConfigurationIsVisible = 0;
			defaultConfigurationName = Release;
		};
		69592CCC2E4C4E40000FEBA4 /* Build configuration list for PBXNativeTarget "RadiaMacUITests" */ = {
			isa = XCConfigurationList;
			buildConfigurations = (
				69592CCD2E4C4E40000FEBA4 /* Debug */,
				69592CCE2E4C4E40000FEBA4 /* Release */,
			);
			defaultConfigurationIsVisible = 0;
			defaultConfigurationName = Release;
		};
/* End XCConfigurationList section */
	};
	rootObject = 69592C9A2E4C4E3E000FEBA4 /* Project object */;
}
