// !$*UTF8*$!
{
	archiveVersion = 1;
	classes = {
	};
	objectVersion = 77;
	objects = {

/* Begin PBXBuildFile section */
		691C1F522F3AFE6D00DE1558 /* Starscream in Frameworks */ = {isa = PBXBuildFile; productRef = 691C1F512F3AFE6D00DE1558 /* Starscream */; };
		691C1F552F3B064300DE1558 /* SwiftyJSON in Frameworks */ = {isa = PBXBuildFile; productRef = 691C1F542F3B064300DE1558 /* SwiftyJSON */; };
		69BE44E62F3D7B210050C444 /* PythonServer in Resources */ = {isa = PBXBuildFile; fileRef = 69BE44E52F3D7B210050C444 /* PythonServer */; };
/* End PBXBuildFile section */

/* Begin PBXContainerItemProxy section */
		694666272F3AFCB400257E74 /* PBXContainerItemProxy */ = {
			isa = PBXContainerItemProxy;
			containerPortal = 6946660F2F3AFCB300257E74 /* Project object */;
			proxyType = 1;
			remoteGlobalIDString = 694666162F3AFCB300257E74;
			remoteInfo = RadiaMac;
		};
		694666312F3AFCB400257E74 /* PBXContainerItemProxy */ = {
			isa = PBXContainerItemProxy;
			containerPortal = 6946660F2F3AFCB300257E74 /* Project object */;
			proxyType = 1;
			remoteGlobalIDString = 694666162F3AFCB300257E74;
			remoteInfo = RadiaMac;
		};
/* End PBXContainerItemProxy section */

/* Begin PBXFileReference section */
		694666172F3AFCB300257E74 /* RadiaMac.app */ = {isa = PBXFileReference; explicitFileType = wrapper.application; includeInIndex = 0; path = RadiaMac.app; sourceTree = BUILT_PRODUCTS_DIR; };
		694666262F3AFCB400257E74 /* RadiaMacTests.xctest */ = {isa = PBXFileReference; explicitFileType = wrapper.cfbundle; includeInIndex = 0; path = RadiaMacTests.xctest; sourceTree = BUILT_PRODUCTS_DIR; };
		694666302F3AFCB400257E74 /* RadiaMacUITests.xctest */ = {isa = PBXFileReference; explicitFileType = wrapper.cfbundle; includeInIndex = 0; path = RadiaMacUITests.xctest; sourceTree = BUILT_PRODUCTS_DIR; };
		69BE44E52F3D7B210050C444 /* PythonServer */ = {isa = PBXFileReference; lastKnownFileType = folder; path = PythonServer; sourceTree = "<group>"; };
/* End PBXFileReference section */

/* Begin PBXFileSystemSynchronizedRootGroup section */
		694666192F3AFCB300257E74 /* RadiaMac */ = {
			isa = PBXFileSystemSynchronizedRootGroup;
			path = RadiaMac;
			sourceTree = "<group>";
		};
		694666292F3AFCB400257E74 /* RadiaMacTests */ = {
			isa = PBXFileSystemSynchronizedRootGroup;
			path = RadiaMacTests;
			sourceTree = "<group>";
		};
		694666332F3AFCB400257E74 /* RadiaMacUITests */ = {
			isa = PBXFileSystemSynchronizedRootGroup;
			path = RadiaMacUITests;
			sourceTree = "<group>";
		};
/* End PBXFileSystemSynchronizedRootGroup section */

/* Begin PBXFrameworksBuildPhase section */
		694666142F3AFCB300257E74 /* Frameworks */ = {
			isa = PBXFrameworksBuildPhase;
			buildActionMask = 2147483647;
			files = (
				691C1F552F3B064300DE1558 /* SwiftyJSON in Frameworks */,
				691C1F522F3AFE6D00DE1558 /* Starscream in Frameworks */,
			);
			runOnlyForDeploymentPostprocessing = 0;
		};
		694666232F3AFCB400257E74 /* Frameworks */ = {
			isa = PBXFrameworksBuildPhase;
			buildActionMask = 2147483647;
			files = (
			);
			runOnlyForDeploymentPostprocessing = 0;
		};
		6946662D2F3AFCB400257E74 /* Frameworks */ = {
			isa = PBXFrameworksBuildPhase;
			buildActionMask = 2147483647;
			files = (
			);
			runOnlyForDeploymentPostprocessing = 0;
		};
/* End PBXFrameworksBuildPhase section */

/* Begin PBXGroup section */
		691C1F502F3AFE6D00DE1558 /* Frameworks */ = {
			isa = PBXGroup;
			children = (
			);
			name = Frameworks;
			sourceTree = "<group>";
		};
		6946660E2F3AFCB300257E74 = {
			isa = PBXGroup;
			children = (
				69BE44E52F3D7B210050C444 /* PythonServer */,
				694666192F3AFCB300257E74 /* RadiaMac */,
				694666292F3AFCB400257E74 /* RadiaMacTests */,
				694666332F3AFCB400257E74 /* RadiaMacUITests */,
				691C1F502F3AFE6D00DE1558 /* Frameworks */,
				694666182F3AFCB300257E74 /* Products */,
			);
			sourceTree = "<group>";
		};
		694666182F3AFCB300257E74 /* Products */ = {
			isa = PBXGroup;
			children = (
				694666172F3AFCB300257E74 /* RadiaMac.app */,
				694666262F3AFCB400257E74 /* RadiaMacTests.xctest */,
				694666302F3AFCB400257E74 /* RadiaMacUITests.xctest */,
			);
			name = Products;
			sourceTree = "<group>";
		};
/* End PBXGroup section */

/* Begin PBXNativeTarget section */
		694666162F3AFCB300257E74 /* RadiaMac */ = {
			isa = PBXNativeTarget;
			buildConfigurationList = 6946663A2F3AFCB400257E74 /* Build configuration list for PBXNativeTarget "RadiaMac" */;
			buildPhases = (
				694666132F3AFCB300257E74 /* Sources */,
				694666142F3AFCB300257E74 /* Frameworks */,
				694666152F3AFCB300257E74 /* Resources */,
			);
			buildRules = (
			);
			dependencies = (
			);
			fileSystemSynchronizedGroups = (
				694666192F3AFCB300257E74 /* RadiaMac */,
			);
			name = RadiaMac;
			packageProductDependencies = (
				691C1F512F3AFE6D00DE1558 /* Starscream */,
				691C1F542F3B064300DE1558 /* SwiftyJSON */,
			);
			productName = RadiaMac;
			productReference = 694666172F3AFCB300257E74 /* RadiaMac.app */;
			productType = "com.apple.product-type.application";
		};
		694666252F3AFCB400257E74 /* RadiaMacTests */ = {
			isa = PBXNativeTarget;
			buildConfigurationList = 6946663D2F3AFCB400257E74 /* Build configuration list for PBXNativeTarget "RadiaMacTests" */;
			buildPhases = (
				694666222F3AFCB400257E74 /* Sources */,
				694666232F3AFCB400257E74 /* Frameworks */,
				694666242F3AFCB400257E74 /* Resources */,
			);
			buildRules = (
			);
			dependencies = (
				694666282F3AFCB400257E74 /* PBXTargetDependency */,
			);
			fileSystemSynchronizedGroups = (
				694666292F3AFCB400257E74 /* RadiaMacTests */,
			);
			name = RadiaMacTests;
			packageProductDependencies = (
			);
			productName = RadiaMacTests;
			productReference = 694666262F3AFCB400257E74 /* RadiaMacTests.xctest */;
			productType = "com.apple.product-type.bundle.unit-test";
		};
		6946662F2F3AFCB400257E74 /* RadiaMacUITests */ = {
			isa = PBXNativeTarget;
			buildConfigurationList = 694666402F3AFCB400257E74 /* Build configuration list for PBXNativeTarget "RadiaMacUITests" */;
			buildPhases = (
				6946662C2F3AFCB400257E74 /* Sources */,
				6946662D2F3AFCB400257E74 /* Frameworks */,
				6946662E2F3AFCB400257E74 /* Resources */,
			);
			buildRules = (
			);
			dependencies = (
				694666322F3AFCB400257E74 /* PBXTargetDependency */,
			);
			fileSystemSynchronizedGroups = (
				694666332F3AFCB400257E74 /* RadiaMacUITests */,
			);
			name = RadiaMacUITests;
			packageProductDependencies = (
			);
			productName = RadiaMacUITests;
			productReference = 694666302F3AFCB400257E74 /* RadiaMacUITests.xctest */;
			productType = "com.apple.product-type.bundle.ui-testing";
		};
/* End PBXNativeTarget section */

/* Begin PBXProject section */
		6946660F2F3AFCB300257E74 /* Project object */ = {
			isa = PBXProject;
			attributes = {
				BuildIndependentTargetsInParallel = 1;
				LastSwiftUpdateCheck = 2620;
				LastUpgradeCheck = 2620;
				TargetAttributes = {
					694666162F3AFCB300257E74 = {
						CreatedOnToolsVersion = 26.2;
					};
					694666252F3AFCB400257E74 = {
						CreatedOnToolsVersion = 26.2;
						TestTargetID = 694666162F3AFCB300257E74;
					};
					6946662F2F3AFCB400257E74 = {
						CreatedOnToolsVersion = 26.2;
						TestTargetID = 694666162F3AFCB300257E74;
					};
				};
			};
			buildConfigurationList = 694666122F3AFCB300257E74 /* Build configuration list for PBXProject "RadiaMac" */;
			developmentRegion = en;
			hasScannedForEncodings = 0;
			knownRegions = (
				en,
				Base,
			);
			mainGroup = 6946660E2F3AFCB300257E74;
			minimizedProjectReferenceProxies = 1;
			packageReferences = (
				694666432F3AFCE700257E74 /* XCRemoteSwiftPackageReference "Starscream" */,
				691C1F532F3B061300DE1558 /* XCRemoteSwiftPackageReference "SwiftyJSON" */,
			);
			preferredProjectObjectVersion = 77;
			productRefGroup = 694666182F3AFCB300257E74 /* Products */;
			projectDirPath = "";
			projectRoot = "";
			targets = (
				694666162F3AFCB300257E74 /* RadiaMac */,
				694666252F3AFCB400257E74 /* RadiaMacTests */,
				6946662F2F3AFCB400257E74 /* RadiaMacUITests */,
			);
		};
/* End PBXProject section */

/* Begin PBXResourcesBuildPhase section */
		694666152F3AFCB300257E74 /* Resources */ = {
			isa = PBXResourcesBuildPhase;
			buildActionMask = 2147483647;
			files = (
				69BE44E62F3D7B210050C444 /* PythonServer in Resources */,
			);
			runOnlyForDeploymentPostprocessing = 0;
		};
		694666242F3AFCB400257E74 /* Resources */ = {
			isa = PBXResourcesBuildPhase;
			buildActionMask = 2147483647;
			files = (
			);
			runOnlyForDeploymentPostprocessing = 0;
		};
		6946662E2F3AFCB400257E74 /* Resources */ = {
			isa = PBXResourcesBuildPhase;
			buildActionMask = 2147483647;
			files = (
			);
			runOnlyForDeploymentPostprocessing = 0;
		};
/* End PBXResourcesBuildPhase section */

/* Begin PBXSourcesBuildPhase section */
		694666132F3AFCB300257E74 /* Sources */ = {
			isa = PBXSourcesBuildPhase;
			buildActionMask = 2147483647;
			files = (
			);
			runOnlyForDeploymentPostprocessing = 0;
		};
		694666222F3AFCB400257E74 /* Sources */ = {
			isa = PBXSourcesBuildPhase;
			buildActionMask = 2147483647;
			files = (
			);
			runOnlyForDeploymentPostprocessing = 0;
		};
		6946662C2F3AFCB400257E74 /* Sources */ = {
			isa = PBXSourcesBuildPhase;
			buildActionMask = 2147483647;
			files = (
			);
			runOnlyForDeploymentPostprocessing = 0;
		};
/* End PBXSourcesBuildPhase section */

/* Begin PBXTargetDependency section */
		694666282F3AFCB400257E74 /* PBXTargetDependency */ = {
			isa = PBXTargetDependency;
			target = 694666162F3AFCB300257E74 /* RadiaMac */;
			targetProxy = 694666272F3AFCB400257E74 /* PBXContainerItemProxy */;
		};
		694666322F3AFCB400257E74 /* PBXTargetDependency */ = {
			isa = PBXTargetDependency;
			target = 694666162F3AFCB300257E74 /* RadiaMac */;
			targetProxy = 694666312F3AFCB400257E74 /* PBXContainerItemProxy */;
		};
/* End PBXTargetDependency section */

/* Begin XCBuildConfiguration section */
		694666382F3AFCB400257E74 /* Debug */ = {
			isa = XCBuildConfiguration;
			buildSettings = {
				ALWAYS_SEARCH_USER_PATHS = NO;
				ASSETCATALOG_COMPILER_GENERATE_SWIFT_ASSET_SYMBOL_EXTENSIONS = YES;
				CLANG_ANALYZER_NONNULL = YES;
				CLANG_ANALYZER_NUMBER_OBJECT_CONVERSION = YES_AGGRESSIVE;
				CLANG_CXX_LANGUAGE_STANDARD = "gnu++20";
				CLANG_ENABLE_MODULES = YES;
				CLANG_ENABLE_OBJC_ARC = YES;
				CLANG_ENABLE_OBJC_WEAK = YES;
				CLANG_WARN_BLOCK_CAPTURE_AUTORELEASING = YES;
				CLANG_WARN_BOOL_CONVERSION = YES;
				CLANG_WARN_COMMA = YES;
				CLANG_WARN_CONSTANT_CONVERSION = YES;
				CLANG_WARN_DEPRECATED_OBJC_IMPLEMENTATIONS = YES;
				CLANG_WARN_DIRECT_OBJC_ISA_USAGE = YES_ERROR;
				CLANG_WARN_DOCUMENTATION_COMMENTS = YES;
				CLANG_WARN_EMPTY_BODY = YES;
				CLANG_WARN_ENUM_CONVERSION = YES;
				CLANG_WARN_INFINITE_RECURSION = YES;
				CLANG_WARN_INT_CONVERSION = YES;
				CLANG_WARN_NON_LITERAL_NULL_CONVERSION = YES;
				CLANG_WARN_OBJC_IMPLICIT_RETAIN_SELF = YES;
				CLANG_WARN_OBJC_LITERAL_CONVERSION = YES;
				CLANG_WARN_OBJC_ROOT_CLASS = YES_ERROR;
				CLANG_WARN_QUOTED_INCLUDE_IN_FRAMEWORK_HEADER = YES;
				CLANG_WARN_RANGE_LOOP_ANALYSIS = YES;
				CLANG_WARN_STRICT_PROTOTYPES = YES;
				CLANG_WARN_SUSPICIOUS_MOVE = YES;
				CLANG_WARN_UNGUARDED_AVAILABILITY = YES_AGGRESSIVE;
				CLANG_WARN_UNREACHABLE_CODE = YES;
				CLANG_WARN__DUPLICATE_METHOD_MATCH = YES;
				COPY_PHASE_STRIP = NO;
				DEBUG_INFORMATION_FORMAT = dwarf;
				DEVELOPMENT_TEAM = MV8MW4W82T;
				ENABLE_STRICT_OBJC_MSGSEND = YES;
				ENABLE_TESTABILITY = YES;
				ENABLE_USER_SCRIPT_SANDBOXING = YES;
				GCC_C_LANGUAGE_STANDARD = gnu17;
				GCC_DYNAMIC_NO_PIC = NO;
				GCC_NO_COMMON_BLOCKS = YES;
				GCC_OPTIMIZATION_LEVEL = 0;
				GCC_PREPROCESSOR_DEFINITIONS = (
					"DEBUG=1",
					"$(inherited)",
				);
				GCC_WARN_64_TO_32_BIT_CONVERSION = YES;
				GCC_WARN_ABOUT_RETURN_TYPE = YES_ERROR;
				GCC_WARN_UNDECLARED_SELECTOR = YES;
				GCC_WARN_UNINITIALIZED_AUTOS = YES_AGGRESSIVE;
				GCC_WARN_UNUSED_FUNCTION = YES;
				GCC_WARN_UNUSED_VARIABLE = YES;
				LOCALIZATION_PREFERS_STRING_CATALOGS = YES;
				MACOSX_DEPLOYMENT_TARGET = 26.1;
				MTL_ENABLE_DEBUG_INFO = INCLUDE_SOURCE;
				MTL_FAST_MATH = YES;
				ONLY_ACTIVE_ARCH = YES;
				SDKROOT = macosx;
				SWIFT_ACTIVE_COMPILATION_CONDITIONS = "DEBUG $(inherited)";
				SWIFT_OPTIMIZATION_LEVEL = "-Onone";
			};
			name = Debug;
		};
		694666392F3AFCB400257E74 /* Release */ = {
			isa = XCBuildConfiguration;
			buildSettings = {
				ALWAYS_SEARCH_USER_PATHS = NO;
				ASSETCATALOG_COMPILER_GENERATE_SWIFT_ASSET_SYMBOL_EXTENSIONS = YES;
				CLANG_ANALYZER_NONNULL = YES;
				CLANG_ANALYZER_NUMBER_OBJECT_CONVERSION = YES_AGGRESSIVE;
				CLANG_CXX_LANGUAGE_STANDARD = "gnu++20";
				CLANG_ENABLE_MODULES = YES;
				CLANG_ENABLE_OBJC_ARC = YES;
				CLANG_ENABLE_OBJC_WEAK = YES;
				CLANG_WARN_BLOCK_CAPTURE_AUTORELEASING = YES;
				CLANG_WARN_BOOL_CONVERSION = YES;
				CLANG_WARN_COMMA = YES;
				CLANG_WARN_CONSTANT_CONVERSION = YES;
				CLANG_WARN_DEPRECATED_OBJC_IMPLEMENTATIONS = YES;
				CLANG_WARN_DIRECT_OBJC_ISA_USAGE = YES_ERROR;
				CLANG_WARN_DOCUMENTATION_COMMENTS = YES;
				CLANG_WARN_EMPTY_BODY = YES;
				CLANG_WARN_ENUM_CONVERSION = YES;
				CLANG_WARN_INFINITE_RECURSION = YES;
				CLANG_WARN_INT_CONVERSION = YES;
				CLANG_WARN_NON_LITERAL_NULL_CONVERSION = YES;
				CLANG_WARN_OBJC_IMPLICIT_RETAIN_SELF = YES;
				CLANG_WARN_OBJC_LITERAL_CONVERSION = YES;
				CLANG_WARN_OBJC_ROOT_CLASS = YES_ERROR;
				CLANG_WARN_QUOTED_INCLUDE_IN_FRAMEWORK_HEADER = YES;
				CLANG_WARN_RANGE_LOOP_ANALYSIS = YES;
				CLANG_WARN_STRICT_PROTOTYPES = YES;
				CLANG_WARN_SUSPICIOUS_MOVE = YES;
				CLANG_WARN_UNGUARDED_AVAILABILITY = YES_AGGRESSIVE;
				CLANG_WARN_UNREACHABLE_CODE = YES;
				CLANG_WARN__DUPLICATE_METHOD_MATCH = YES;
				COPY_PHASE_STRIP = NO;
				DEBUG_INFORMATION_FORMAT = "dwarf-with-dsym";
				DEVELOPMENT_TEAM = MV8MW4W82T;
				ENABLE_NS_ASSERTIONS = NO;
				ENABLE_STRICT_OBJC_MSGSEND = YES;
				ENABLE_USER_SCRIPT_SANDBOXING = YES;
				GCC_C_LANGUAGE_STANDARD = gnu17;
				GCC_NO_COMMON_BLOCKS = YES;
				GCC_WARN_64_TO_32_BIT_CONVERSION = YES;
				GCC_WARN_ABOUT_RETURN_TYPE = YES_ERROR;
				GCC_WARN_UNDECLARED_SELECTOR = YES;
				GCC_WARN_UNINITIALIZED_AUTOS = YES_AGGRESSIVE;
				GCC_WARN_UNUSED_FUNCTION = YES;
				GCC_WARN_UNUSED_VARIABLE = YES;
				LOCALIZATION_PREFERS_STRING_CATALOGS = YES;
				MACOSX_DEPLOYMENT_TARGET = 26.1;
				MTL_ENABLE_DEBUG_INFO = NO;
				MTL_FAST_MATH = YES;
				SDKROOT = macosx;
				SWIFT_COMPILATION_MODE = wholemodule;
			};
			name = Release;
		};
		6946663B2F3AFCB400257E74 /* Debug */ = {
			isa = XCBuildConfiguration;
			buildSettings = {
				ASSETCATALOG_COMPILER_APPICON_NAME = AppIcon;
				ASSETCATALOG_COMPILER_GLOBAL_ACCENT_COLOR_NAME = AccentColor;
				CODE_SIGN_STYLE = Automatic;
				COMBINE_HIDPI_IMAGES = YES;
				CURRENT_PROJECT_VERSION = 1;
				DEVELOPMENT_TEAM = MV8MW4W82T;
				ENABLE_APP_SANDBOX = YES;
				ENABLE_HARDENED_RUNTIME = YES;
				ENABLE_INCOMING_NETWORK_CONNECTIONS = YES;
				ENABLE_OUTGOING_NETWORK_CONNECTIONS = YES;
				ENABLE_PREVIEWS = YES;
				ENABLE_RESOURCE_ACCESS_AUDIO_INPUT = NO;
				ENABLE_RESOURCE_ACCESS_BLUETOOTH = NO;
				ENABLE_RESOURCE_ACCESS_CALENDARS = NO;
				ENABLE_RESOURCE_ACCESS_CAMERA = NO;
				ENABLE_RESOURCE_ACCESS_CONTACTS = NO;
				ENABLE_RESOURCE_ACCESS_LOCATION = NO;
				ENABLE_RESOURCE_ACCESS_PRINTING = NO;
				ENABLE_RESOURCE_ACCESS_USB = YES;
				ENABLE_USER_SELECTED_FILES = readonly;
				GENERATE_INFOPLIST_FILE = YES;
				INFOPLIST_KEY_NSHumanReadableCopyright = "";
				LD_RUNPATH_SEARCH_PATHS = (
					"$(inherited)",
					"@executable_path/../Frameworks",
				);
				MARKETING_VERSION = 1.0;
				PRODUCT_BUNDLE_IDENTIFIER = none.RadiaMac;
				PRODUCT_NAME = "$(TARGET_NAME)";
				REGISTER_APP_GROUPS = YES;
				STRING_CATALOG_GENERATE_SYMBOLS = YES;
				SWIFT_APPROACHABLE_CONCURRENCY = YES;
				SWIFT_DEFAULT_ACTOR_ISOLATION = MainActor;
				SWIFT_EMIT_LOC_STRINGS = YES;
				SWIFT_UPCOMING_FEATURE_MEMBER_IMPORT_VISIBILITY = YES;
				SWIFT_VERSION = 5.0;
			};
			name = Debug;
		};
		6946663C2F3AFCB400257E74 /* Release */ = {
			isa = XCBuildConfiguration;
			buildSettings = {
				ASSETCATALOG_COMPILER_APPICON_NAME = AppIcon;
				ASSETCATALOG_COMPILER_GLOBAL_ACCENT_COLOR_NAME = AccentColor;
				CODE_SIGN_STYLE = Automatic;
				COMBINE_HIDPI_IMAGES = YES;
				CURRENT_PROJECT_VERSION = 1;
				DEVELOPMENT_TEAM = MV8MW4W82T;
				ENABLE_APP_SANDBOX = YES;
				ENABLE_HARDENED_RUNTIME = YES;
				ENABLE_INCOMING_NETWORK_CONNECTIONS = YES;
				ENABLE_OUTGOING_NETWORK_CONNECTIONS = YES;
				ENABLE_PREVIEWS = YES;
				ENABLE_RESOURCE_ACCESS_AUDIO_INPUT = NO;
				ENABLE_RESOURCE_ACCESS_BLUETOOTH = NO;
				ENABLE_RESOURCE_ACCESS_CALENDARS = NO;
				ENABLE_RESOURCE_ACCESS_CAMERA = NO;
				ENABLE_RESOURCE_ACCESS_CONTACTS = NO;
				ENABLE_RESOURCE_ACCESS_LOCATION = NO;
				ENABLE_RESOURCE_ACCESS_PRINTING = NO;
				ENABLE_RESOURCE_ACCESS_USB = YES;
				ENABLE_USER_SELECTED_FILES = readonly;
				GENERATE_INFOPLIST_FILE = YES;
				INFOPLIST_KEY_NSHumanReadableCopyright = "";
				LD_RUNPATH_SEARCH_PATHS = (
					"$(inherited)",
					"@executable_path/../Frameworks",
				);
				MARKETING_VERSION = 1.0;
				PRODUCT_BUNDLE_IDENTIFIER = none.RadiaMac;
				PRODUCT_NAME = "$(TARGET_NAME)";
				REGISTER_APP_GROUPS = YES;
				STRING_CATALOG_GENERATE_SYMBOLS = YES;
				SWIFT_APPROACHABLE_CONCURRENCY = YES;
				SWIFT_DEFAULT_ACTOR_ISOLATION = MainActor;
				SWIFT_EMIT_LOC_STRINGS = YES;
				SWIFT_UPCOMING_FEATURE_MEMBER_IMPORT_VISIBILITY = YES;
				SWIFT_VERSION = 5.0;
			};
			name = Release;
		};
		6946663E2F3AFCB400257E74 /* Debug */ = {
			isa = XCBuildConfiguration;
			buildSettings = {
				BUNDLE_LOADER = "$(TEST_HOST)";
				CODE_SIGN_STYLE = Automatic;
				CURRENT_PROJECT_VERSION = 1;
				DEVELOPMENT_TEAM = MV8MW4W82T;
				GENERATE_INFOPLIST_FILE = YES;
				MACOSX_DEPLOYMENT_TARGET = 26.1;
				MARKETING_VERSION = 1.0;
				PRODUCT_BUNDLE_IDENTIFIER = none.RadiaMacTests;
				PRODUCT_NAME = "$(TARGET_NAME)";
				STRING_CATALOG_GENERATE_SYMBOLS = NO;
				SWIFT_APPROACHABLE_CONCURRENCY = YES;
				SWIFT_EMIT_LOC_STRINGS = NO;
				SWIFT_UPCOMING_FEATURE_MEMBER_IMPORT_VISIBILITY = YES;
				SWIFT_VERSION = 5.0;
				TEST_HOST = "$(BUILT_PRODUCTS_DIR)/RadiaMac.app/$(BUNDLE_EXECUTABLE_FOLDER_PATH)/RadiaMac";
			};
			name = Debug;
		};
		6946663F2F3AFCB400257E74 /* Release */ = {
			isa = XCBuildConfiguration;
			buildSettings = {
				BUNDLE_LOADER = "$(TEST_HOST)";
				CODE_SIGN_STYLE = Automatic;
				CURRENT_PROJECT_VERSION = 1;
				DEVELOPMENT_TEAM = MV8MW4W82T;
				GENERATE_INFOPLIST_FILE = YES;
				MACOSX_DEPLOYMENT_TARGET = 26.1;
				MARKETING_VERSION = 1.0;
				PRODUCT_BUNDLE_IDENTIFIER = none.RadiaMacTests;
				PRODUCT_NAME = "$(TARGET_NAME)";
				STRING_CATALOG_GENERATE_SYMBOLS = NO;
				SWIFT_APPROACHABLE_CONCURRENCY = YES;
				SWIFT_EMIT_LOC_STRINGS = NO;
				SWIFT_UPCOMING_FEATURE_MEMBER_IMPORT_VISIBILITY = YES;
				SWIFT_VERSION = 5.0;
				TEST_HOST = "$(BUILT_PRODUCTS_DIR)/RadiaMac.app/$(BUNDLE_EXECUTABLE_FOLDER_PATH)/RadiaMac";
			};
			name = Release;
		};
		694666412F3AFCB400257E74 /* Debug */ = {
			isa = XCBuildConfiguration;
			buildSettings = {
				CODE_SIGN_STYLE = Automatic;
				CURRENT_PROJECT_VERSION = 1;
				DEVELOPMENT_TEAM = MV8MW4W82T;
				GENERATE_INFOPLIST_FILE = YES;
				MARKETING_VERSION = 1.0;
				PRODUCT_BUNDLE_IDENTIFIER = none.RadiaMacUITests;
				PRODUCT_NAME = "$(TARGET_NAME)";
				STRING_CATALOG_GENERATE_SYMBOLS = NO;
				SWIFT_APPROACHABLE_CONCURRENCY = YES;
				SWIFT_EMIT_LOC_STRINGS = NO;
				SWIFT_UPCOMING_FEATURE_MEMBER_IMPORT_VISIBILITY = YES;
				SWIFT_VERSION = 5.0;
				TEST_TARGET_NAME = RadiaMac;
			};
			name = Debug;
		};
		694666422F3AFCB400257E74 /* Release */ = {
			isa = XCBuildConfiguration;
			buildSettings = {
				CODE_SIGN_STYLE = Automatic;
				CURRENT_PROJECT_VERSION = 1;
				DEVELOPMENT_TEAM = MV8MW4W82T;
				GENERATE_INFOPLIST_FILE = YES;
				MARKETING_VERSION = 1.0;
				PRODUCT_BUNDLE_IDENTIFIER = none.RadiaMacUITests;
				PRODUCT_NAME = "$(TARGET_NAME)";
				STRING_CATALOG_GENERATE_SYMBOLS = NO;
				SWIFT_APPROACHABLE_CONCURRENCY = YES;
				SWIFT_EMIT_LOC_STRINGS = NO;
				SWIFT_UPCOMING_FEATURE_MEMBER_IMPORT_VISIBILITY = YES;
				SWIFT_VERSION = 5.0;
				TEST_TARGET_NAME = RadiaMac;
			};
			name = Release;
		};
/* End XCBuildConfiguration section */

/* Begin XCConfigurationList section */
		694666122F3AFCB300257E74 /* Build configuration list for PBXProject "RadiaMac" */ = {
			isa = XCConfigurationList;
			buildConfigurations = (
				694666382F3AFCB400257E74 /* Debug */,
				694666392F3AFCB400257E74 /* Release */,
			);
			defaultConfigurationIsVisible = 0;
			defaultConfigurationName = Release;
		};
		6946663A2F3AFCB400257E74 /* Build configuration list for PBXNativeTarget "RadiaMac" */ = {
			isa = XCConfigurationList;
			buildConfigurations = (
				6946663B2F3AFCB400257E74 /* Debug */,
				6946663C2F3AFCB400257E74 /* Release */,
			);
			defaultConfigurationIsVisible = 0;
			defaultConfigurationName = Release;
		};
		6946663D2F3AFCB400257E74 /* Build configuration list for PBXNativeTarget "RadiaMacTests" */ = {
			isa = XCConfigurationList;
			buildConfigurations = (
				6946663E2F3AFCB400257E74 /* Debug */,
				6946663F2F3AFCB400257E74 /* Release */,
			);
			defaultConfigurationIsVisible = 0;
			defaultConfigurationName = Release;
		};
		694666402F3AFCB400257E74 /* Build configuration list for PBXNativeTarget "RadiaMacUITests" */ = {
			isa = XCConfigurationList;
			buildConfigurations = (
				694666412F3AFCB400257E74 /* Debug */,
				694666422F3AFCB400257E74 /* Release */,
			);
			defaultConfigurationIsVisible = 0;
			defaultConfigurationName = Release;
		};
/* End XCConfigurationList section */

/* Begin XCRemoteSwiftPackageReference section */
		691C1F532F3B061300DE1558 /* XCRemoteSwiftPackageReference "SwiftyJSON" */ = {
			isa = XCRemoteSwiftPackageReference;
			repositoryURL = "https://github.com/SwiftyJSON/SwiftyJSON";
			requirement = {
				kind = upToNextMajorVersion;
				minimumVersion = 5.0.2;
			};
		};
		694666432F3AFCE700257E74 /* XCRemoteSwiftPackageReference "Starscream" */ = {
			isa = XCRemoteSwiftPackageReference;
			repositoryURL = "https://github.com/daltoniam/Starscream.git";
			requirement = {
				kind = upToNextMajorVersion;
				minimumVersion = 4.0.8;
			};
		};
/* End XCRemoteSwiftPackageReference section */

/* Begin XCSwiftPackageProductDependency section */
		691C1F512F3AFE6D00DE1558 /* Starscream */ = {
			isa = XCSwiftPackageProductDependency;
			package = 694666432F3AFCE700257E74 /* XCRemoteSwiftPackageReference "Starscream" */;
			productName = Starscream;
		};
		691C1F542F3B064300DE1558 /* SwiftyJSON */ = {
			isa = XCSwiftPackageProductDependency;
			package = 691C1F532F3B061300DE1558 /* XCRemoteSwiftPackageReference "SwiftyJSON" */;
			productName = SwiftyJSON;
		};
/* End XCSwiftPackageProductDependency section */
	};
	rootObject = 6946660F2F3AFCB300257E74 /* Project object */;
}
